
Microsoft Visual Studio Solution File, Format Version 12.00
# Visual Studio Version 17
VisualStudioVersion = 17.4.33213.308
MinimumVisualStudioVersion = 10.0.40219.1
Project("{FAE04EC0-301F-11D3-BF4B-00C04F79EFBC}") = "MailClient", "MailClient\MailClient.csproj", "{A16D1537-4CE6-40D2-BC9B-887BFB4863D2}"
EndProject
Global
	GlobalSection(SolutionConfigurationPlatforms) = preSolution
		Debug|Any CPU = Debug|Any CPU
		Release|Any CPU = Release|Any CPU
	EndGlobalSection
	GlobalSection(ProjectConfigurationPlatforms) = postSolution
		{A16D1537-4CE6-40D2-BC9B-887BFB4863D2}.Debug|Any CPU.ActiveCfg = Debug|Any CPU
		{A16D1537-4CE6-40D2-BC9B-887BFB4863D2}.Debug|Any CPU.Build.0 = Debug|Any CPU
		{A16D1537-4CE6-40D2-BC9B-887BFB4863D2}.Release|Any CPU.ActiveCfg = Release|Any CPU
		{A16D1537-4CE6-40D2-BC9B-887BFB4863D2}.Release|Any CPU.Build.0 = Release|Any CPU
	EndGlobalSection
	GlobalSection(SolutionProperties) = preSolution
		HideSolutionNode = FALSE
	EndGlobalSection
	GlobalSection(ExtensibilityGlobals) = postSolution
		SolutionGuid = {4FAA9C3F-0960-48F9-8391-68C6FBBA0A87}
	EndGlobalSection
EndGlobal
